
Microsoft Visual Studio Solution File, Format Version 12.00
# Visual Studio Version 17
VisualStudioVersion = 17.8.34525.116
MinimumVisualStudioVersion = 10.0.40219.1
Project("{FAE04EC0-301F-11D3-BF4B-00C04F79EFBC}") = "Worker", "Worker\Worker.csproj", "{1FB0D7D1-FDCE-4D48-B078-A58E6C203E21}"
EndProject
Global
	GlobalSection(SolutionConfigurationPlatforms) = preSolution
		Debug|Any CPU = Debug|Any CPU
		Release|Any CPU = Release|Any CPU
	EndGlobalSection
	GlobalSection(ProjectConfigurationPlatforms) = postSolution
		{1FB0D7D1-FDCE-4D48-B078-A58E6C203E21}.Debug|Any CPU.ActiveCfg = Debug|Any CPU
		{1FB0D7D1-FDCE-4D48-B078-A58E6C203E21}.Debug|Any CPU.Build.0 = Debug|Any CPU
		{1FB0D7D1-FDCE-4D48-B078-A58E6C203E21}.Release|Any CPU.ActiveCfg = Release|Any CPU
		{1FB0D7D1-FDCE-4D48-B078-A58E6C203E21}.Release|Any CPU.Build.0 = Release|Any CPU
	EndGlobalSection
	GlobalSection(SolutionProperties) = preSolution
		HideSolutionNode = FALSE
	EndGlobalSection
	GlobalSection(ExtensibilityGlobals) = postSolution
		SolutionGuid = {06EA427D-1F8E-4772-9618-517AEF598782}
	EndGlobalSection
EndGlobal
